// !$*UTF8*$!
{
	archiveVersion = 1;
	classes = {
	};
	objectVersion = 77;
	objects = {

/* Begin PBXBuildFile section */
		997387742DEB4E1900A9B2B4 /* CurrencyModel.swift in Sources */ = {isa = PBXBuildFile; fileRef = 997387732DEB4E1900A9B2B4 /* CurrencyModel.swift */; };
		997D2BEA2DE5853C00035942 /* ConverterPresenterProtocol.swift in Sources */ = {isa = PBXBuildFile; fileRef = 997D2BE92DE5853C00035942 /* ConverterPresenterProtocol.swift */; };
		997D2BEC2DE5855600035942 /* ConverterViewControllerProtocol.swift in Sources */ = {isa = PBXBuildFile; fileRef = 997D2BEB2DE5855600035942 /* ConverterViewControllerProtocol.swift */; };
		997D2C3B2DE58DBB00035942 /* ConverterTableViewCell.swift in Sources */ = {isa = PBXBuildFile; fileRef = 997D2C3A2DE58DBB00035942 /* ConverterTableViewCell.swift */; };
		99CC7CFF2DD0BBC200352A16 /* CalculatorViewController.swift in Sources */ = {isa = PBXBuildFile; fileRef = 99CC7CFE2DD0BBC200352A16 /* CalculatorViewController.swift */; };
		99CC7D022DD0BCA400352A16 /* Animations.swift in Sources */ = {isa = PBXBuildFile; fileRef = 99CC7D012DD0BCA400352A16 /* Animations.swift */; };
		99D6A47B2DCFB091006F5F7C /* Assets.xcassets in Resources */ = {isa = PBXBuildFile; fileRef = 99D6A4712DCFB091006F5F7C /* Assets.xcassets */; };
		99D6A47D2DCFB091006F5F7C /* LaunchScreen.storyboard in Resources */ = {isa = PBXBuildFile; fileRef = 99D6A4742DCFB091006F5F7C /* LaunchScreen.storyboard */; };
		99D6A47F2DCFB091006F5F7C /* AppDelegate.swift in Sources */ = {isa = PBXBuildFile; fileRef = 99D6A4702DCFB091006F5F7C /* AppDelegate.swift */; };
		99D6A4802DCFB091006F5F7C /* MainTabBarController.swift in Sources */ = {isa = PBXBuildFile; fileRef = 99D6A4772DCFB091006F5F7C /* MainTabBarController.swift */; };
		99D6A4812DCFB091006F5F7C /* SceneDelegate.swift in Sources */ = {isa = PBXBuildFile; fileRef = 99D6A4782DCFB091006F5F7C /* SceneDelegate.swift */; };
		99D6A4862DCFB0EE006F5F7C /* DaysCalculatorViewController.swift in Sources */ = {isa = PBXBuildFile; fileRef = 99D6A4832DCFB0EE006F5F7C /* DaysCalculatorViewController.swift */; };
		99D6A4872DCFB0EE006F5F7C /* BirthdayCalculator.swift in Sources */ = {isa = PBXBuildFile; fileRef = 99D6A4842DCFB0EE006F5F7C /* BirthdayCalculator.swift */; };
		99D6A4942DCFC42F006F5F7C /* ConverterViewController.swift in Sources */ = {isa = PBXBuildFile; fileRef = 99D6A48D2DCFC42F006F5F7C /* ConverterViewController.swift */; };
		99D6A4952DCFC42F006F5F7C /* ConverterPresenter.swift in Sources */ = {isa = PBXBuildFile; fileRef = 99D6A4922DCFC42F006F5F7C /* ConverterPresenter.swift */; };
		99D6A49B2DCFC42F006F5F7C /* ConverterModel.swift in Sources */ = {isa = PBXBuildFile; fileRef = 99D6A4892DCFC42F006F5F7C /* ConverterModel.swift */; };
		99E4FE2E2DD0EBA900E4A66E /* DaysCalculatorPresenter.swift in Sources */ = {isa = PBXBuildFile; fileRef = 99E4FE2D2DD0EBA900E4A66E /* DaysCalculatorPresenter.swift */; };
		99E4FE4B2DD0EC2600E4A66E /* DaysCalculatorViewControllerProtocol.swift in Sources */ = {isa = PBXBuildFile; fileRef = 99E4FE4A2DD0EC2600E4A66E /* DaysCalculatorViewControllerProtocol.swift */; };
		99E4FE4D2DD0EC5C00E4A66E /* DaysCalculatorPresenterProtocol 2.swift in Sources */ = {isa = PBXBuildFile; fileRef = 99E4FE4C2DD0EC5C00E4A66E /* DaysCalculatorPresenterProtocol 2.swift */; };
		99E4FE542DD0FFDB00E4A66E /* BirthdayCalculatorPresenterProtocol.swift in Sources */ = {isa = PBXBuildFile; fileRef = 99E4FE532DD0FFDB00E4A66E /* BirthdayCalculatorPresenterProtocol.swift */; };
		99E4FE552DD0FFDB00E4A66E /* BirthdayCalculatorViewControllerProtocol.swift in Sources */ = {isa = PBXBuildFile; fileRef = 99E4FE522DD0FFDB00E4A66E /* BirthdayCalculatorViewControllerProtocol.swift */; };
		99E4FE572DD100BB00E4A66E /* BirthdayCalculatorPresenter.swift in Sources */ = {isa = PBXBuildFile; fileRef = 99E4FE562DD100BB00E4A66E /* BirthdayCalculatorPresenter.swift */; };
		99F9AF532DDE627500D759F2 /* WordsCounterViewController.swift in Sources */ = {isa = PBXBuildFile; fileRef = 99F9AF522DDE627500D759F2 /* WordsCounterViewController.swift */; };
		99F9AF562DDE64F700D759F2 /* WordsCounterPresenter.swift in Sources */ = {isa = PBXBuildFile; fileRef = 99F9AF552DDE64F700D759F2 /* WordsCounterPresenter.swift */; };
		99F9AF732DDE6DBE00D759F2 /* Constants.swift in Sources */ = {isa = PBXBuildFile; fileRef = 99F9AF722DDE6DBE00D759F2 /* Constants.swift */; };
		99F9AF802DDE7D2600D759F2 /* WordsCounterPresenterProtocol.swift in Sources */ = {isa = PBXBuildFile; fileRef = 99F9AF7F2DDE7D2600D759F2 /* WordsCounterPresenterProtocol.swift */; };
		99F9AF822DDE7D5B00D759F2 /* WordsCounterViewControllerProtocol.swift in Sources */ = {isa = PBXBuildFile; fileRef = 99F9AF812DDE7D5B00D759F2 /* WordsCounterViewControllerProtocol.swift */; };
		99F9AFB52DDF445900D759F2 /* Localizable.strings in Resources */ = {isa = PBXBuildFile; fileRef = 99F9AFB32DDF445900D759F2 /* Localizable.strings */; };
		99F9AFBA2DDF60F100D759F2 /* Localizable.stringsdict in Resources */ = {isa = PBXBuildFile; fileRef = 99F9AFB82DDF60F100D759F2 /* Localizable.stringsdict */; };
/* End PBXBuildFile section */

/* Begin PBXFileReference section */
		997387732DEB4E1900A9B2B4 /* CurrencyModel.swift */ = {isa = PBXFileReference; lastKnownFileType = sourcecode.swift; path = CurrencyModel.swift; sourceTree = "<group>"; };
		997D2BE92DE5853C00035942 /* ConverterPresenterProtocol.swift */ = {isa = PBXFileReference; lastKnownFileType = sourcecode.swift; path = ConverterPresenterProtocol.swift; sourceTree = "<group>"; };
		997D2BEB2DE5855600035942 /* ConverterViewControllerProtocol.swift */ = {isa = PBXFileReference; lastKnownFileType = sourcecode.swift; path = ConverterViewControllerProtocol.swift; sourceTree = "<group>"; };
		997D2C3A2DE58DBB00035942 /* ConverterTableViewCell.swift */ = {isa = PBXFileReference; lastKnownFileType = sourcecode.swift; path = ConverterTableViewCell.swift; sourceTree = "<group>"; };
		99CC7CFE2DD0BBC200352A16 /* CalculatorViewController.swift */ = {isa = PBXFileReference; lastKnownFileType = sourcecode.swift; path = CalculatorViewController.swift; sourceTree = "<group>"; };
		99CC7D012DD0BCA400352A16 /* Animations.swift */ = {isa = PBXFileReference; lastKnownFileType = sourcecode.swift; path = Animations.swift; sourceTree = "<group>"; };
		99D6A4562DCFAF14006F5F7C /* AirConverter.app */ = {isa = PBXFileReference; explicitFileType = wrapper.application; includeInIndex = 0; path = AirConverter.app; sourceTree = BUILT_PRODUCTS_DIR; };
		99D6A4702DCFB091006F5F7C /* AppDelegate.swift */ = {isa = PBXFileReference; lastKnownFileType = sourcecode.swift; path = AppDelegate.swift; sourceTree = "<group>"; };
		99D6A4712DCFB091006F5F7C /* Assets.xcassets */ = {isa = PBXFileReference; lastKnownFileType = folder.assetcatalog; path = Assets.xcassets; sourceTree = "<group>"; };
		99D6A4722DCFB091006F5F7C /* Info.plist */ = {isa = PBXFileReference; lastKnownFileType = text.plist.xml; path = Info.plist; sourceTree = "<group>"; };
		99D6A4732DCFB091006F5F7C /* Base */ = {isa = PBXFileReference; lastKnownFileType = file.storyboard; name = Base; path = Base.lproj/LaunchScreen.storyboard; sourceTree = "<group>"; };
		99D6A4772DCFB091006F5F7C /* MainTabBarController.swift */ = {isa = PBXFileReference; lastKnownFileType = sourcecode.swift; path = MainTabBarController.swift; sourceTree = "<group>"; };
		99D6A4782DCFB091006F5F7C /* SceneDelegate.swift */ = {isa = PBXFileReference; lastKnownFileType = sourcecode.swift; path = SceneDelegate.swift; sourceTree = "<group>"; };
		99D6A4832DCFB0EE006F5F7C /* DaysCalculatorViewController.swift */ = {isa = PBXFileReference; lastKnownFileType = sourcecode.swift; path = DaysCalculatorViewController.swift; sourceTree = "<group>"; };
		99D6A4842DCFB0EE006F5F7C /* BirthdayCalculator.swift */ = {isa = PBXFileReference; lastKnownFileType = sourcecode.swift; path = BirthdayCalculator.swift; sourceTree = "<group>"; };
		99D6A4892DCFC42F006F5F7C /* ConverterModel.swift */ = {isa = PBXFileReference; lastKnownFileType = sourcecode.swift; path = ConverterModel.swift; sourceTree = "<group>"; };
		99D6A48D2DCFC42F006F5F7C /* ConverterViewController.swift */ = {isa = PBXFileReference; lastKnownFileType = sourcecode.swift; path = ConverterViewController.swift; sourceTree = "<group>"; };
		99D6A4922DCFC42F006F5F7C /* ConverterPresenter.swift */ = {isa = PBXFileReference; lastKnownFileType = sourcecode.swift; path = ConverterPresenter.swift; sourceTree = "<group>"; };
		99E4FE2D2DD0EBA900E4A66E /* DaysCalculatorPresenter.swift */ = {isa = PBXFileReference; lastKnownFileType = sourcecode.swift; path = DaysCalculatorPresenter.swift; sourceTree = "<group>"; };
		99E4FE4A2DD0EC2600E4A66E /* DaysCalculatorViewControllerProtocol.swift */ = {isa = PBXFileReference; lastKnownFileType = sourcecode.swift; path = DaysCalculatorViewControllerProtocol.swift; sourceTree = "<group>"; };
		99E4FE4C2DD0EC5C00E4A66E /* DaysCalculatorPresenterProtocol 2.swift */ = {isa = PBXFileReference; lastKnownFileType = sourcecode.swift; path = "DaysCalculatorPresenterProtocol 2.swift"; sourceTree = "<group>"; };
		99E4FE522DD0FFDB00E4A66E /* BirthdayCalculatorViewControllerProtocol.swift */ = {isa = PBXFileReference; lastKnownFileType = sourcecode.swift; path = BirthdayCalculatorViewControllerProtocol.swift; sourceTree = "<group>"; };
		99E4FE532DD0FFDB00E4A66E /* BirthdayCalculatorPresenterProtocol.swift */ = {isa = PBXFileReference; lastKnownFileType = sourcecode.swift; path = BirthdayCalculatorPresenterProtocol.swift; sourceTree = "<group>"; };
		99E4FE562DD100BB00E4A66E /* BirthdayCalculatorPresenter.swift */ = {isa = PBXFileReference; lastKnownFileType = sourcecode.swift; path = BirthdayCalculatorPresenter.swift; sourceTree = "<group>"; };
		99F9AF522DDE627500D759F2 /* WordsCounterViewController.swift */ = {isa = PBXFileReference; lastKnownFileType = sourcecode.swift; path = WordsCounterViewController.swift; sourceTree = "<group>"; };
		99F9AF552DDE64F700D759F2 /* WordsCounterPresenter.swift */ = {isa = PBXFileReference; lastKnownFileType = sourcecode.swift; path = WordsCounterPresenter.swift; sourceTree = "<group>"; };
		99F9AF722DDE6DBE00D759F2 /* Constants.swift */ = {isa = PBXFileReference; lastKnownFileType = sourcecode.swift; path = Constants.swift; sourceTree = "<group>"; };
		99F9AF7F2DDE7D2600D759F2 /* WordsCounterPresenterProtocol.swift */ = {isa = PBXFileReference; lastKnownFileType = sourcecode.swift; path = WordsCounterPresenterProtocol.swift; sourceTree = "<group>"; };
		99F9AF812DDE7D5B00D759F2 /* WordsCounterViewControllerProtocol.swift */ = {isa = PBXFileReference; lastKnownFileType = sourcecode.swift; path = WordsCounterViewControllerProtocol.swift; sourceTree = "<group>"; };
		99F9AFB42DDF445900D759F2 /* en */ = {isa = PBXFileReference; lastKnownFileType = text.plist.strings; name = en; path = en.lproj/Localizable.strings; sourceTree = "<group>"; };
		99F9AFB62DDF446A00D759F2 /* ru */ = {isa = PBXFileReference; lastKnownFileType = text.plist.strings; name = ru; path = ru.lproj/LaunchScreen.strings; sourceTree = "<group>"; };
		99F9AFB72DDF446A00D759F2 /* ru */ = {isa = PBXFileReference; lastKnownFileType = text.plist.strings; name = ru; path = ru.lproj/Localizable.strings; sourceTree = "<group>"; };
		99F9AFB92DDF60F100D759F2 /* en */ = {isa = PBXFileReference; lastKnownFileType = text.plist.stringsdict; name = en; path = en.lproj/Localizable.stringsdict; sourceTree = "<group>"; };
		99F9AFBB2DDF60FF00D759F2 /* ru */ = {isa = PBXFileReference; lastKnownFileType = text.plist.stringsdict; name = ru; path = ru.lproj/Localizable.stringsdict; sourceTree = "<group>"; };
/* End PBXFileReference section */

/* Begin PBXFrameworksBuildPhase section */
		99D6A4532DCFAF14006F5F7C /* Frameworks */ = {
			isa = PBXFrameworksBuildPhase;
			buildActionMask = 2147483647;
			files = (
			);
			runOnlyForDeploymentPostprocessing = 0;
		};
/* End PBXFrameworksBuildPhase section */

/* Begin PBXGroup section */
		99CC7D002DD0BBCF00352A16 /* Calculator */ = {
			isa = PBXGroup;
			children = (
				99CC7CFE2DD0BBC200352A16 /* CalculatorViewController.swift */,
			);
			path = Calculator;
			sourceTree = "<group>";
		};
		99CC7D032DD0BCAC00352A16 /* Services */ = {
			isa = PBXGroup;
			children = (
				99CC7D012DD0BCA400352A16 /* Animations.swift */,
				99F9AF722DDE6DBE00D759F2 /* Constants.swift */,
			);
			path = Services;
			sourceTree = "<group>";
		};
		99D6A44D2DCFAF14006F5F7C = {
			isa = PBXGroup;
			children = (
				99D6A47A2DCFB091006F5F7C /* AirConverter */,
				99D6A4572DCFAF14006F5F7C /* Products */,
			);
			sourceTree = "<group>";
		};
		99D6A4572DCFAF14006F5F7C /* Products */ = {
			isa = PBXGroup;
			children = (
				99D6A4562DCFAF14006F5F7C /* AirConverter.app */,
			);
			name = Products;
			sourceTree = "<group>";
		};
		99D6A47A2DCFB091006F5F7C /* AirConverter */ = {
			isa = PBXGroup;
			children = (
				99D6A4702DCFB091006F5F7C /* AppDelegate.swift */,
				99D6A4782DCFB091006F5F7C /* SceneDelegate.swift */,
				99D6A4742DCFB091006F5F7C /* LaunchScreen.storyboard */,
				99CC7D032DD0BCAC00352A16 /* Services */,
				99D6A4772DCFB091006F5F7C /* MainTabBarController.swift */,
				99D6A4882DCFC426006F5F7C /* Converter */,
				99D6A4852DCFB0EE006F5F7C /* LifeDays 1 */,
				99E4FE4E2DD0ED0600E4A66E /* LifeDays 2 */,
				99F9AF542DDE628300D759F2 /* Words Counter */,
				99CC7D002DD0BBCF00352A16 /* Calculator */,
				99D6A4712DCFB091006F5F7C /* Assets.xcassets */,
				99F9AFB82DDF60F100D759F2 /* Localizable.stringsdict */,
				99F9AFB32DDF445900D759F2 /* Localizable.strings */,
				99D6A4722DCFB091006F5F7C /* Info.plist */,
			);
			path = AirConverter;
			sourceTree = "<group>";
		};
		99D6A4852DCFB0EE006F5F7C /* LifeDays 1 */ = {
			isa = PBXGroup;
			children = (
				99E4FE492DD0EC0E00E4A66E /* Model */,
				99E4FE472DD0EBEE00E4A66E /* View */,
				99E4FE482DD0EC0400E4A66E /* Presenter */,
			);
			path = "LifeDays 1";
			sourceTree = "<group>";
		};
		99D6A4882DCFC426006F5F7C /* Converter */ = {
			isa = PBXGroup;
			children = (
				99D6A48C2DCFC42F006F5F7C /* Model */,
				99D6A4912DCFC42F006F5F7C /* View */,
				99D6A4932DCFC42F006F5F7C /* Presenter */,
			);
			path = Converter;
			sourceTree = "<group>";
		};
		99D6A48C2DCFC42F006F5F7C /* Model */ = {
			isa = PBXGroup;
			children = (
				99D6A4892DCFC42F006F5F7C /* ConverterModel.swift */,
				997387732DEB4E1900A9B2B4 /* CurrencyModel.swift */,
			);
			path = Model;
			sourceTree = "<group>";
		};
		99D6A4912DCFC42F006F5F7C /* View */ = {
			isa = PBXGroup;
			children = (
				997D2C3A2DE58DBB00035942 /* ConverterTableViewCell.swift */,
				99D6A48D2DCFC42F006F5F7C /* ConverterViewController.swift */,
				997D2BEB2DE5855600035942 /* ConverterViewControllerProtocol.swift */,
			);
			path = View;
			sourceTree = "<group>";
		};
		99D6A4932DCFC42F006F5F7C /* Presenter */ = {
			isa = PBXGroup;
			children = (
				99D6A4922DCFC42F006F5F7C /* ConverterPresenter.swift */,
				997D2BE92DE5853C00035942 /* ConverterPresenterProtocol.swift */,
			);
			path = Presenter;
			sourceTree = "<group>";
		};
		99E4FE472DD0EBEE00E4A66E /* View */ = {
			isa = PBXGroup;
			children = (
				99D6A4832DCFB0EE006F5F7C /* DaysCalculatorViewController.swift */,
			);
			path = View;
			sourceTree = "<group>";
		};
		99E4FE482DD0EC0400E4A66E /* Presenter */ = {
			isa = PBXGroup;
			children = (
				99E4FE2D2DD0EBA900E4A66E /* DaysCalculatorPresenter.swift */,
				99E4FE4C2DD0EC5C00E4A66E /* DaysCalculatorPresenterProtocol 2.swift */,
			);
			path = Presenter;
			sourceTree = "<group>";
		};
		99E4FE492DD0EC0E00E4A66E /* Model */ = {
			isa = PBXGroup;
			children = (
				99E4FE4A2DD0EC2600E4A66E /* DaysCalculatorViewControllerProtocol.swift */,
			);
			path = Model;
			sourceTree = "<group>";
		};
		99E4FE4E2DD0ED0600E4A66E /* LifeDays 2 */ = {
			isa = PBXGroup;
			children = (
				99E4FE4F2DD0FFB500E4A66E /* Model */,
				99E4FE502DD0FFBB00E4A66E /* VIew */,
				99E4FE512DD0FFC000E4A66E /* Presenter */,
			);
			path = "LifeDays 2";
			sourceTree = "<group>";
		};
		99E4FE4F2DD0FFB500E4A66E /* Model */ = {
			isa = PBXGroup;
			children = (
				99E4FE522DD0FFDB00E4A66E /* BirthdayCalculatorViewControllerProtocol.swift */,
			);
			path = Model;
			sourceTree = "<group>";
		};
		99E4FE502DD0FFBB00E4A66E /* VIew */ = {
			isa = PBXGroup;
			children = (
				99D6A4842DCFB0EE006F5F7C /* BirthdayCalculator.swift */,
			);
			path = VIew;
			sourceTree = "<group>";
		};
		99E4FE512DD0FFC000E4A66E /* Presenter */ = {
			isa = PBXGroup;
			children = (
				99E4FE562DD100BB00E4A66E /* BirthdayCalculatorPresenter.swift */,
				99E4FE532DD0FFDB00E4A66E /* BirthdayCalculatorPresenterProtocol.swift */,
			);
			path = Presenter;
			sourceTree = "<group>";
		};
		99F9AF542DDE628300D759F2 /* Words Counter */ = {
			isa = PBXGroup;
			children = (
				99F9AF7D2DDE7D0B00D759F2 /* View */,
				99F9AF7E2DDE7D1400D759F2 /* Presenter */,
			);
			path = "Words Counter";
			sourceTree = "<group>";
		};
		99F9AF7D2DDE7D0B00D759F2 /* View */ = {
			isa = PBXGroup;
			children = (
				99F9AF522DDE627500D759F2 /* WordsCounterViewController.swift */,
				99F9AF812DDE7D5B00D759F2 /* WordsCounterViewControllerProtocol.swift */,
			);
			path = View;
			sourceTree = "<group>";
		};
		99F9AF7E2DDE7D1400D759F2 /* Presenter */ = {
			isa = PBXGroup;
			children = (
				99F9AF552DDE64F700D759F2 /* WordsCounterPresenter.swift */,
				99F9AF7F2DDE7D2600D759F2 /* WordsCounterPresenterProtocol.swift */,
			);
			path = Presenter;
			sourceTree = "<group>";
		};
/* End PBXGroup section */

/* Begin PBXNativeTarget section */
		99D6A4552DCFAF14006F5F7C /* AirConverter */ = {
			isa = PBXNativeTarget;
			buildConfigurationList = 99D6A4692DCFAF15006F5F7C /* Build configuration list for PBXNativeTarget "AirConverter" */;
			buildPhases = (
				99D6A4522DCFAF14006F5F7C /* Sources */,
				99D6A4532DCFAF14006F5F7C /* Frameworks */,
				99D6A4542DCFAF14006F5F7C /* Resources */,
			);
			buildRules = (
			);
			dependencies = (
			);
			name = AirConverter;
			packageProductDependencies = (
			);
			productName = AirConverter;
			productReference = 99D6A4562DCFAF14006F5F7C /* AirConverter.app */;
			productType = "com.apple.product-type.application";
		};
/* End PBXNativeTarget section */

/* Begin PBXProject section */
		99D6A44E2DCFAF14006F5F7C /* Project object */ = {
			isa = PBXProject;
			attributes = {
				BuildIndependentTargetsInParallel = 1;
				LastSwiftUpdateCheck = 1630;
				LastUpgradeCheck = 1630;
				TargetAttributes = {
					99D6A4552DCFAF14006F5F7C = {
						CreatedOnToolsVersion = 16.3;
					};
				};
			};
			buildConfigurationList = 99D6A4512DCFAF14006F5F7C /* Build configuration list for PBXProject "AirConverter" */;
			developmentRegion = en;
			hasScannedForEncodings = 0;
			knownRegions = (
				en,
				Base,
				ru,
			);
			mainGroup = 99D6A44D2DCFAF14006F5F7C;
			minimizedProjectReferenceProxies = 1;
			preferredProjectObjectVersion = 77;
			productRefGroup = 99D6A4572DCFAF14006F5F7C /* Products */;
			projectDirPath = "";
			projectRoot = "";
			targets = (
				99D6A4552DCFAF14006F5F7C /* AirConverter */,
			);
		};
/* End PBXProject section */

/* Begin PBXResourcesBuildPhase section */
		99D6A4542DCFAF14006F5F7C /* Resources */ = {
			isa = PBXResourcesBuildPhase;
			buildActionMask = 2147483647;
			files = (
				99D6A47B2DCFB091006F5F7C /* Assets.xcassets in Resources */,
				99F9AFBA2DDF60F100D759F2 /* Localizable.stringsdict in Resources */,
				99F9AFB52DDF445900D759F2 /* Localizable.strings in Resources */,
				99D6A47D2DCFB091006F5F7C /* LaunchScreen.storyboard in Resources */,
			);
			runOnlyForDeploymentPostprocessing = 0;
		};
/* End PBXResourcesBuildPhase section */

/* Begin PBXSourcesBuildPhase section */
		99D6A4522DCFAF14006F5F7C /* Sources */ = {
			isa = PBXSourcesBuildPhase;
			buildActionMask = 2147483647;
			files = (
				99E4FE542DD0FFDB00E4A66E /* BirthdayCalculatorPresenterProtocol.swift in Sources */,
				99E4FE552DD0FFDB00E4A66E /* BirthdayCalculatorViewControllerProtocol.swift in Sources */,
				99D6A47F2DCFB091006F5F7C /* AppDelegate.swift in Sources */,
				99D6A4942DCFC42F006F5F7C /* ConverterViewController.swift in Sources */,
				99D6A4952DCFC42F006F5F7C /* ConverterPresenter.swift in Sources */,
				99F9AF802DDE7D2600D759F2 /* WordsCounterPresenterProtocol.swift in Sources */,
				997D2BEC2DE5855600035942 /* ConverterViewControllerProtocol.swift in Sources */,
				997D2BEA2DE5853C00035942 /* ConverterPresenterProtocol.swift in Sources */,
				99F9AF822DDE7D5B00D759F2 /* WordsCounterViewControllerProtocol.swift in Sources */,
				99D6A49B2DCFC42F006F5F7C /* ConverterModel.swift in Sources */,
				997D2C3B2DE58DBB00035942 /* ConverterTableViewCell.swift in Sources */,
				99D6A4802DCFB091006F5F7C /* MainTabBarController.swift in Sources */,
				99D6A4862DCFB0EE006F5F7C /* DaysCalculatorViewController.swift in Sources */,
				99E4FE4D2DD0EC5C00E4A66E /* DaysCalculatorPresenterProtocol 2.swift in Sources */,
				99E4FE2E2DD0EBA900E4A66E /* DaysCalculatorPresenter.swift in Sources */,
				99CC7D022DD0BCA400352A16 /* Animations.swift in Sources */,
				99F9AF532DDE627500D759F2 /* WordsCounterViewController.swift in Sources */,
				99D6A4872DCFB0EE006F5F7C /* BirthdayCalculator.swift in Sources */,
				99CC7CFF2DD0BBC200352A16 /* CalculatorViewController.swift in Sources */,
				99E4FE572DD100BB00E4A66E /* BirthdayCalculatorPresenter.swift in Sources */,
				997387742DEB4E1900A9B2B4 /* CurrencyModel.swift in Sources */,
				99F9AF562DDE64F700D759F2 /* WordsCounterPresenter.swift in Sources */,
				99D6A4812DCFB091006F5F7C /* SceneDelegate.swift in Sources */,
				99E4FE4B2DD0EC2600E4A66E /* DaysCalculatorViewControllerProtocol.swift in Sources */,
				99F9AF732DDE6DBE00D759F2 /* Constants.swift in Sources */,
			);
			runOnlyForDeploymentPostprocessing = 0;
		};
/* End PBXSourcesBuildPhase section */

/* Begin PBXVariantGroup section */
		99D6A4742DCFB091006F5F7C /* LaunchScreen.storyboard */ = {
			isa = PBXVariantGroup;
			children = (
				99D6A4732DCFB091006F5F7C /* Base */,
				99F9AFB62DDF446A00D759F2 /* ru */,
			);
			name = LaunchScreen.storyboard;
			sourceTree = "<group>";
		};
		99F9AFB32DDF445900D759F2 /* Localizable.strings */ = {
			isa = PBXVariantGroup;
			children = (
				99F9AFB42DDF445900D759F2 /* en */,
				99F9AFB72DDF446A00D759F2 /* ru */,
			);
			name = Localizable.strings;
			sourceTree = "<group>";
		};
		99F9AFB82DDF60F100D759F2 /* Localizable.stringsdict */ = {
			isa = PBXVariantGroup;
			children = (
				99F9AFB92DDF60F100D759F2 /* en */,
				99F9AFBB2DDF60FF00D759F2 /* ru */,
			);
			name = Localizable.stringsdict;
			sourceTree = "<group>";
		};
/* End PBXVariantGroup section */

/* Begin XCBuildConfiguration section */
		99D6A46A2DCFAF15006F5F7C /* Debug */ = {
			isa = XCBuildConfiguration;
			buildSettings = {
				ASSETCATALOG_COMPILER_APPICON_NAME = AppIcon;
				ASSETCATALOG_COMPILER_GLOBAL_ACCENT_COLOR_NAME = AccentColor;
				CODE_SIGN_STYLE = Automatic;
				CURRENT_PROJECT_VERSION = 1;
				DEVELOPMENT_TEAM = V459R55R59;
				GENERATE_INFOPLIST_FILE = YES;
				INFOPLIST_FILE = AirConverter/Info.plist;
				INFOPLIST_KEY_UIApplicationSupportsIndirectInputEvents = YES;
				INFOPLIST_KEY_UILaunchStoryboardName = LaunchScreen;
				INFOPLIST_KEY_UISupportedInterfaceOrientations = UIInterfaceOrientationPortrait;
				INFOPLIST_KEY_UISupportedInterfaceOrientations_iPad = "UIInterfaceOrientationLandscapeLeft UIInterfaceOrientationLandscapeRight UIInterfaceOrientationPortrait UIInterfaceOrientationPortraitUpsideDown";
				IPHONEOS_DEPLOYMENT_TARGET = 17.6;
				LD_RUNPATH_SEARCH_PATHS = (
					"$(inherited)",
					"@executable_path/Frameworks",
				);
				MARKETING_VERSION = 1.0;
				PRODUCT_BUNDLE_IDENTIFIER = "Artyom-Tabenskiy.AirConverter";
				PRODUCT_NAME = "$(TARGET_NAME)";
				SUPPORTED_PLATFORMS = "iphoneos iphonesimulator";
				SUPPORTS_MACCATALYST = NO;
				SUPPORTS_MAC_DESIGNED_FOR_IPHONE_IPAD = NO;
				SUPPORTS_XR_DESIGNED_FOR_IPHONE_IPAD = NO;
				SWIFT_EMIT_LOC_STRINGS = YES;
				SWIFT_VERSION = 5.0;
				TARGETED_DEVICE_FAMILY = "1,2";
			};
			name = Debug;
		};
		99D6A46B2DCFAF15006F5F7C /* Release */ = {
			isa = XCBuildConfiguration;
			buildSettings = {
				ASSETCATALOG_COMPILER_APPICON_NAME = AppIcon;
				ASSETCATALOG_COMPILER_GLOBAL_ACCENT_COLOR_NAME = AccentColor;
				CODE_SIGN_STYLE = Automatic;
				CURRENT_PROJECT_VERSION = 1;
				DEVELOPMENT_TEAM = V459R55R59;
				GENERATE_INFOPLIST_FILE = YES;
				INFOPLIST_FILE = AirConverter/Info.plist;
				INFOPLIST_KEY_UIApplicationSupportsIndirectInputEvents = YES;
				INFOPLIST_KEY_UILaunchStoryboardName = LaunchScreen;
				INFOPLIST_KEY_UISupportedInterfaceOrientations = UIInterfaceOrientationPortrait;
				INFOPLIST_KEY_UISupportedInterfaceOrientations_iPad = "UIInterfaceOrientationLandscapeLeft UIInterfaceOrientationLandscapeRight UIInterfaceOrientationPortrait UIInterfaceOrientationPortraitUpsideDown";
				IPHONEOS_DEPLOYMENT_TARGET = 17.6;
				LD_RUNPATH_SEARCH_PATHS = (
					"$(inherited)",
					"@executable_path/Frameworks",
				);
				MARKETING_VERSION = 1.0;
				PRODUCT_BUNDLE_IDENTIFIER = "Artyom-Tabenskiy.AirConverter";
				PRODUCT_NAME = "$(TARGET_NAME)";
				SUPPORTED_PLATFORMS = "iphoneos iphonesimulator";
				SUPPORTS_MACCATALYST = NO;
				SUPPORTS_MAC_DESIGNED_FOR_IPHONE_IPAD = NO;
				SUPPORTS_XR_DESIGNED_FOR_IPHONE_IPAD = NO;
				SWIFT_EMIT_LOC_STRINGS = YES;
				SWIFT_VERSION = 5.0;
				TARGETED_DEVICE_FAMILY = "1,2";
			};
			name = Release;
		};
		99D6A46C2DCFAF15006F5F7C /* Debug */ = {
			isa = XCBuildConfiguration;
			buildSettings = {
				ALWAYS_SEARCH_USER_PATHS = NO;
				ASSETCATALOG_COMPILER_GENERATE_SWIFT_ASSET_SYMBOL_EXTENSIONS = YES;
				CLANG_ANALYZER_LOCALIZABILITY_NONLOCALIZED = YES;
				CLANG_ANALYZER_NONNULL = YES;
				CLANG_ANALYZER_NUMBER_OBJECT_CONVERSION = YES_AGGRESSIVE;
				CLANG_CXX_LANGUAGE_STANDARD = "gnu++20";
				CLANG_ENABLE_MODULES = YES;
				CLANG_ENABLE_OBJC_ARC = YES;
				CLANG_ENABLE_OBJC_WEAK = YES;
				CLANG_WARN_BLOCK_CAPTURE_AUTORELEASING = YES;
				CLANG_WARN_BOOL_CONVERSION = YES;
				CLANG_WARN_COMMA = YES;
				CLANG_WARN_CONSTANT_CONVERSION = YES;
				CLANG_WARN_DEPRECATED_OBJC_IMPLEMENTATIONS = YES;
				CLANG_WARN_DIRECT_OBJC_ISA_USAGE = YES_ERROR;
				CLANG_WARN_DOCUMENTATION_COMMENTS = YES;
				CLANG_WARN_EMPTY_BODY = YES;
				CLANG_WARN_ENUM_CONVERSION = YES;
				CLANG_WARN_INFINITE_RECURSION = YES;
				CLANG_WARN_INT_CONVERSION = YES;
				CLANG_WARN_NON_LITERAL_NULL_CONVERSION = YES;
				CLANG_WARN_OBJC_IMPLICIT_RETAIN_SELF = YES;
				CLANG_WARN_OBJC_LITERAL_CONVERSION = YES;
				CLANG_WARN_OBJC_ROOT_CLASS = YES_ERROR;
				CLANG_WARN_QUOTED_INCLUDE_IN_FRAMEWORK_HEADER = YES;
				CLANG_WARN_RANGE_LOOP_ANALYSIS = YES;
				CLANG_WARN_STRICT_PROTOTYPES = YES;
				CLANG_WARN_SUSPICIOUS_MOVE = YES;
				CLANG_WARN_UNGUARDED_AVAILABILITY = YES_AGGRESSIVE;
				CLANG_WARN_UNREACHABLE_CODE = YES;
				CLANG_WARN__DUPLICATE_METHOD_MATCH = YES;
				COPY_PHASE_STRIP = NO;
				DEBUG_INFORMATION_FORMAT = dwarf;
				DEVELOPMENT_TEAM = V459R55R59;
				ENABLE_STRICT_OBJC_MSGSEND = YES;
				ENABLE_TESTABILITY = YES;
				ENABLE_USER_SCRIPT_SANDBOXING = YES;
				GCC_C_LANGUAGE_STANDARD = gnu17;
				GCC_DYNAMIC_NO_PIC = NO;
				GCC_NO_COMMON_BLOCKS = YES;
				GCC_OPTIMIZATION_LEVEL = 0;
				GCC_PREPROCESSOR_DEFINITIONS = (
					"DEBUG=1",
					"$(inherited)",
				);
				GCC_WARN_64_TO_32_BIT_CONVERSION = YES;
				GCC_WARN_ABOUT_RETURN_TYPE = YES_ERROR;
				GCC_WARN_UNDECLARED_SELECTOR = YES;
				GCC_WARN_UNINITIALIZED_AUTOS = YES_AGGRESSIVE;
				GCC_WARN_UNUSED_FUNCTION = YES;
				GCC_WARN_UNUSED_VARIABLE = YES;
				IPHONEOS_DEPLOYMENT_TARGET = 18.4;
				LOCALIZATION_PREFERS_STRING_CATALOGS = YES;
				MTL_ENABLE_DEBUG_INFO = INCLUDE_SOURCE;
				MTL_FAST_MATH = YES;
				ONLY_ACTIVE_ARCH = YES;
				SDKROOT = iphoneos;
				SWIFT_ACTIVE_COMPILATION_CONDITIONS = "DEBUG $(inherited)";
				SWIFT_OPTIMIZATION_LEVEL = "-Onone";
			};
			name = Debug;
		};
		99D6A46D2DCFAF15006F5F7C /* Release */ = {
			isa = XCBuildConfiguration;
			buildSettings = {
				ALWAYS_SEARCH_USER_PATHS = NO;
				ASSETCATALOG_COMPILER_GENERATE_SWIFT_ASSET_SYMBOL_EXTENSIONS = YES;
				CLANG_ANALYZER_LOCALIZABILITY_NONLOCALIZED = YES;
				CLANG_ANALYZER_NONNULL = YES;
				CLANG_ANALYZER_NUMBER_OBJECT_CONVERSION = YES_AGGRESSIVE;
				CLANG_CXX_LANGUAGE_STANDARD = "gnu++20";
				CLANG_ENABLE_MODULES = YES;
				CLANG_ENABLE_OBJC_ARC = YES;
				CLANG_ENABLE_OBJC_WEAK = YES;
				CLANG_WARN_BLOCK_CAPTURE_AUTORELEASING = YES;
				CLANG_WARN_BOOL_CONVERSION = YES;
				CLANG_WARN_COMMA = YES;
				CLANG_WARN_CONSTANT_CONVERSION = YES;
				CLANG_WARN_DEPRECATED_OBJC_IMPLEMENTATIONS = YES;
				CLANG_WARN_DIRECT_OBJC_ISA_USAGE = YES_ERROR;
				CLANG_WARN_DOCUMENTATION_COMMENTS = YES;
				CLANG_WARN_EMPTY_BODY = YES;
				CLANG_WARN_ENUM_CONVERSION = YES;
				CLANG_WARN_INFINITE_RECURSION = YES;
				CLANG_WARN_INT_CONVERSION = YES;
				CLANG_WARN_NON_LITERAL_NULL_CONVERSION = YES;
				CLANG_WARN_OBJC_IMPLICIT_RETAIN_SELF = YES;
				CLANG_WARN_OBJC_LITERAL_CONVERSION = YES;
				CLANG_WARN_OBJC_ROOT_CLASS = YES_ERROR;
				CLANG_WARN_QUOTED_INCLUDE_IN_FRAMEWORK_HEADER = YES;
				CLANG_WARN_RANGE_LOOP_ANALYSIS = YES;
				CLANG_WARN_STRICT_PROTOTYPES = YES;
				CLANG_WARN_SUSPICIOUS_MOVE = YES;
				CLANG_WARN_UNGUARDED_AVAILABILITY = YES_AGGRESSIVE;
				CLANG_WARN_UNREACHABLE_CODE = YES;
				CLANG_WARN__DUPLICATE_METHOD_MATCH = YES;
				COPY_PHASE_STRIP = NO;
				DEBUG_INFORMATION_FORMAT = "dwarf-with-dsym";
				DEVELOPMENT_TEAM = V459R55R59;
				ENABLE_NS_ASSERTIONS = NO;
				ENABLE_STRICT_OBJC_MSGSEND = YES;
				ENABLE_USER_SCRIPT_SANDBOXING = YES;
				GCC_C_LANGUAGE_STANDARD = gnu17;
				GCC_NO_COMMON_BLOCKS = YES;
				GCC_WARN_64_TO_32_BIT_CONVERSION = YES;
				GCC_WARN_ABOUT_RETURN_TYPE = YES_ERROR;
				GCC_WARN_UNDECLARED_SELECTOR = YES;
				GCC_WARN_UNINITIALIZED_AUTOS = YES_AGGRESSIVE;
				GCC_WARN_UNUSED_FUNCTION = YES;
				GCC_WARN_UNUSED_VARIABLE = YES;
				IPHONEOS_DEPLOYMENT_TARGET = 18.4;
				LOCALIZATION_PREFERS_STRING_CATALOGS = YES;
				MTL_ENABLE_DEBUG_INFO = NO;
				MTL_FAST_MATH = YES;
				SDKROOT = iphoneos;
				SWIFT_COMPILATION_MODE = wholemodule;
				VALIDATE_PRODUCT = YES;
			};
			name = Release;
		};
/* End XCBuildConfiguration section */

/* Begin XCConfigurationList section */
		99D6A4512DCFAF14006F5F7C /* Build configuration list for PBXProject "AirConverter" */ = {
			isa = XCConfigurationList;
			buildConfigurations = (
				99D6A46C2DCFAF15006F5F7C /* Debug */,
				99D6A46D2DCFAF15006F5F7C /* Release */,
			);
			defaultConfigurationIsVisible = 0;
			defaultConfigurationName = Release;
		};
		99D6A4692DCFAF15006F5F7C /* Build configuration list for PBXNativeTarget "AirConverter" */ = {
			isa = XCConfigurationList;
			buildConfigurations = (
				99D6A46A2DCFAF15006F5F7C /* Debug */,
				99D6A46B2DCFAF15006F5F7C /* Release */,
			);
			defaultConfigurationIsVisible = 0;
			defaultConfigurationName = Release;
		};
/* End XCConfigurationList section */
	};
	rootObject = 99D6A44E2DCFAF14006F5F7C /* Project object */;
}
